{
  "name": "@nqhuy213/rest-service",
  "version": "1.0.0",
  "lockfileVersion": 1,
  "requires": true,
  "dependencies": {
    "@types/config": {
      "version": "3.3.0",
      "resolved": "https://registry.npmjs.org/@types/config/-/config-3.3.0.tgz",
      "integrity": "sha512-9kZSbl3/X3TVNowLCu5HFQdQmD+4287Om55avknEYkuo6R2dDrsp/EXEHUFvfYeG7m1eJ0WYGj+cbcUIhARJAQ==",
      "dev": true
    }
  }
}
